
Microsoft Visual Studio Solution File, Format Version 12.00
# Visual Studio Version 16
VisualStudioVersion = 16.0.30621.155
MinimumVisualStudioVersion = 10.0.40219.1
Project("{FAE04EC0-301F-11D3-BF4B-00C04F79EFBC}") = "gamenvy", "gamenvy.csproj", "{B74D3FFB-EF45-4C99-A961-D6C3CC5CD49D}"
EndProject
Project("{2150E333-8FDC-42A3-9474-1A3956D46DE8}") = "Application", "Application", "{4463BAF4-8561-4FD6-8E51-EFF7913373D0}"
EndProject
Project("{2150E333-8FDC-42A3-9474-1A3956D46DE8}") = "Domain", "Domain", "{DE5F9949-D121-47A0-8029-95B31E535B21}"
EndProject
Project("{FAE04EC0-301F-11D3-BF4B-00C04F79EFBC}") = "Services", "Services\Services.csproj", "{7E1CE185-3781-455F-B13D-D2BBB10E9D0F}"
EndProject
Project("{FAE04EC0-301F-11D3-BF4B-00C04F79EFBC}") = "Models", "Entities\Models.csproj", "{CFB1F6E9-5224-4AD0-AADD-9037C62681E1}"
EndProject
Project("{FAE04EC0-301F-11D3-BF4B-00C04F79EFBC}") = "Repositories", "Repositories\Repositories.csproj", "{A7FF94CF-9DFE-4FAF-B59B-1FFEF564AB9D}"
EndProject
Project("{FAE04EC0-301F-11D3-BF4B-00C04F79EFBC}") = "Interfaces", "Interfaces\Interfaces.csproj", "{4B964326-EC4C-4A65-ADD3-2982B7B4DDD4}"
EndProject
Project("{2150E333-8FDC-42A3-9474-1A3956D46DE8}") = "Shared", "Shared", "{67753DEC-2FD2-421E-BDA4-05179556EAAC}"
EndProject
Project("{2150E333-8FDC-42A3-9474-1A3956D46DE8}") = "DTOs", "DTOs", "{241F1AD4-528E-430D-83CC-D9DDBA6D1D54}"
EndProject
Project("{2150E333-8FDC-42A3-9474-1A3956D46DE8}") = "Test", "Test", "{3C6E5712-611C-4E04-A63F-5EF1B7455B0A}"
EndProject
Project("{FAE04EC0-301F-11D3-BF4B-00C04F79EFBC}") = "Tests", "Tests\Tests.csproj", "{286830C0-42C9-4A38-AA0C-FE5ACE4D809D}"
EndProject
Global
	GlobalSection(SolutionConfigurationPlatforms) = preSolution
		Debug|Any CPU = Debug|Any CPU
		Release|Any CPU = Release|Any CPU
	EndGlobalSection
	GlobalSection(ProjectConfigurationPlatforms) = postSolution
		{B74D3FFB-EF45-4C99-A961-D6C3CC5CD49D}.Debug|Any CPU.ActiveCfg = Debug|Any CPU
		{B74D3FFB-EF45-4C99-A961-D6C3CC5CD49D}.Debug|Any CPU.Build.0 = Debug|Any CPU
		{B74D3FFB-EF45-4C99-A961-D6C3CC5CD49D}.Release|Any CPU.ActiveCfg = Release|Any CPU
		{B74D3FFB-EF45-4C99-A961-D6C3CC5CD49D}.Release|Any CPU.Build.0 = Release|Any CPU
		{7E1CE185-3781-455F-B13D-D2BBB10E9D0F}.Debug|Any CPU.ActiveCfg = Debug|Any CPU
		{7E1CE185-3781-455F-B13D-D2BBB10E9D0F}.Debug|Any CPU.Build.0 = Debug|Any CPU
		{7E1CE185-3781-455F-B13D-D2BBB10E9D0F}.Release|Any CPU.ActiveCfg = Release|Any CPU
		{7E1CE185-3781-455F-B13D-D2BBB10E9D0F}.Release|Any CPU.Build.0 = Release|Any CPU
		{CFB1F6E9-5224-4AD0-AADD-9037C62681E1}.Debug|Any CPU.ActiveCfg = Debug|Any CPU
		{CFB1F6E9-5224-4AD0-AADD-9037C62681E1}.Debug|Any CPU.Build.0 = Debug|Any CPU
		{CFB1F6E9-5224-4AD0-AADD-9037C62681E1}.Release|Any CPU.ActiveCfg = Release|Any CPU
		{CFB1F6E9-5224-4AD0-AADD-9037C62681E1}.Release|Any CPU.Build.0 = Release|Any CPU
		{A7FF94CF-9DFE-4FAF-B59B-1FFEF564AB9D}.Debug|Any CPU.ActiveCfg = Debug|Any CPU
		{A7FF94CF-9DFE-4FAF-B59B-1FFEF564AB9D}.Debug|Any CPU.Build.0 = Debug|Any CPU
		{A7FF94CF-9DFE-4FAF-B59B-1FFEF564AB9D}.Release|Any CPU.ActiveCfg = Release|Any CPU
		{A7FF94CF-9DFE-4FAF-B59B-1FFEF564AB9D}.Release|Any CPU.Build.0 = Release|Any CPU
		{4B964326-EC4C-4A65-ADD3-2982B7B4DDD4}.Debug|Any CPU.ActiveCfg = Debug|Any CPU
		{4B964326-EC4C-4A65-ADD3-2982B7B4DDD4}.Debug|Any CPU.Build.0 = Debug|Any CPU
		{4B964326-EC4C-4A65-ADD3-2982B7B4DDD4}.Release|Any CPU.ActiveCfg = Release|Any CPU
		{4B964326-EC4C-4A65-ADD3-2982B7B4DDD4}.Release|Any CPU.Build.0 = Release|Any CPU
		{286830C0-42C9-4A38-AA0C-FE5ACE4D809D}.Debug|Any CPU.ActiveCfg = Debug|Any CPU
		{286830C0-42C9-4A38-AA0C-FE5ACE4D809D}.Debug|Any CPU.Build.0 = Debug|Any CPU
		{286830C0-42C9-4A38-AA0C-FE5ACE4D809D}.Release|Any CPU.ActiveCfg = Release|Any CPU
		{286830C0-42C9-4A38-AA0C-FE5ACE4D809D}.Release|Any CPU.Build.0 = Release|Any CPU
	EndGlobalSection
	GlobalSection(SolutionProperties) = preSolution
		HideSolutionNode = FALSE
	EndGlobalSection
	GlobalSection(NestedProjects) = preSolution
		{B74D3FFB-EF45-4C99-A961-D6C3CC5CD49D} = {4463BAF4-8561-4FD6-8E51-EFF7913373D0}
		{7E1CE185-3781-455F-B13D-D2BBB10E9D0F} = {DE5F9949-D121-47A0-8029-95B31E535B21}
		{CFB1F6E9-5224-4AD0-AADD-9037C62681E1} = {DE5F9949-D121-47A0-8029-95B31E535B21}
		{A7FF94CF-9DFE-4FAF-B59B-1FFEF564AB9D} = {DE5F9949-D121-47A0-8029-95B31E535B21}
		{4B964326-EC4C-4A65-ADD3-2982B7B4DDD4} = {DE5F9949-D121-47A0-8029-95B31E535B21}
		{241F1AD4-528E-430D-83CC-D9DDBA6D1D54} = {67753DEC-2FD2-421E-BDA4-05179556EAAC}
		{3C6E5712-611C-4E04-A63F-5EF1B7455B0A} = {67753DEC-2FD2-421E-BDA4-05179556EAAC}
		{286830C0-42C9-4A38-AA0C-FE5ACE4D809D} = {3C6E5712-611C-4E04-A63F-5EF1B7455B0A}
	EndGlobalSection
	GlobalSection(ExtensibilityGlobals) = postSolution
		SolutionGuid = {8424B4E8-C32B-4055-8913-E17264F9B6F0}
	EndGlobalSection
EndGlobal
