
Microsoft Visual Studio Solution File, Format Version 12.00
# Visual Studio Version 16
VisualStudioVersion = 16.0.31112.23
MinimumVisualStudioVersion = 10.0.40219.1
Project("{9A19103F-16F7-4668-BE54-9A1E7A4F7556}") = "gamenvy", "gamenvy.csproj", "{7910B7DE-6D6E-4B6E-9DAF-5FED2B5F5862}"
EndProject
Project("{2150E333-8FDC-42A3-9474-1A3956D46DE8}") = "Application", "Application", "{6442C83D-4466-44F4-8EA1-2D62A8414DE1}"
EndProject
Project("{2150E333-8FDC-42A3-9474-1A3956D46DE8}") = "Domain", "Domain", "{0122BC68-A0F7-4785-A855-9C186728E6F7}"
EndProject
Project("{2150E333-8FDC-42A3-9474-1A3956D46DE8}") = "Shared", "Shared", "{BB4253A0-01C4-462D-B475-C6A882BA7094}"
EndProject
Project("{2150E333-8FDC-42A3-9474-1A3956D46DE8}") = "DTOs", "DTOs", "{9BF08C4D-D9C6-4A7F-9892-C977022A305C}"
EndProject
Project("{9A19103F-16F7-4668-BE54-9A1E7A4F7556}") = "Repositories", "Repositories\Repositories.csproj", "{CD85EC44-8E9A-4CD5-B873-E32E4385182B}"
EndProject
Project("{9A19103F-16F7-4668-BE54-9A1E7A4F7556}") = "Services", "Services\Services.csproj", "{AECED891-FF1E-42FB-8C8E-6333670B72CF}"
EndProject
Project("{9A19103F-16F7-4668-BE54-9A1E7A4F7556}") = "Interfaces", "Interfaces\Interfaces.csproj", "{7CD3CDD0-5C80-437B-8A4C-6DD404C67BC9}"
EndProject
Project("{9A19103F-16F7-4668-BE54-9A1E7A4F7556}") = "Models", "Models\Models.csproj", "{46C50E3B-381F-48A6-8640-D7DC4B15AC30}"
EndProject
Project("{9A19103F-16F7-4668-BE54-9A1E7A4F7556}") = "Tests", "Tests\Tests.csproj", "{9DA5A6DD-A36F-490B-8933-1ED0E6A26ADD}"
EndProject
Project("{2150E333-8FDC-42A3-9474-1A3956D46DE8}") = "DBMigrations", "DBMigrations", "{D74127E6-E684-4693-8DC9-0B949082366A}"
EndProject
Project("{9A19103F-16F7-4668-BE54-9A1E7A4F7556}") = "DBMigrations", "..\gamevny\DBMigrations\DBMigrations.csproj", "{AF8631BA-8B6A-473D-8106-7DB04CDC8D14}"
EndProject
Global
	GlobalSection(SolutionConfigurationPlatforms) = preSolution
		Debug|Any CPU = Debug|Any CPU
		Release|Any CPU = Release|Any CPU
	EndGlobalSection
	GlobalSection(ProjectConfigurationPlatforms) = postSolution
		{7910B7DE-6D6E-4B6E-9DAF-5FED2B5F5862}.Debug|Any CPU.ActiveCfg = Debug|Any CPU
		{7910B7DE-6D6E-4B6E-9DAF-5FED2B5F5862}.Debug|Any CPU.Build.0 = Debug|Any CPU
		{7910B7DE-6D6E-4B6E-9DAF-5FED2B5F5862}.Release|Any CPU.ActiveCfg = Release|Any CPU
		{7910B7DE-6D6E-4B6E-9DAF-5FED2B5F5862}.Release|Any CPU.Build.0 = Release|Any CPU
		{CD85EC44-8E9A-4CD5-B873-E32E4385182B}.Debug|Any CPU.ActiveCfg = Debug|Any CPU
		{CD85EC44-8E9A-4CD5-B873-E32E4385182B}.Debug|Any CPU.Build.0 = Debug|Any CPU
		{CD85EC44-8E9A-4CD5-B873-E32E4385182B}.Release|Any CPU.ActiveCfg = Release|Any CPU
		{CD85EC44-8E9A-4CD5-B873-E32E4385182B}.Release|Any CPU.Build.0 = Release|Any CPU
		{AECED891-FF1E-42FB-8C8E-6333670B72CF}.Debug|Any CPU.ActiveCfg = Debug|Any CPU
		{AECED891-FF1E-42FB-8C8E-6333670B72CF}.Debug|Any CPU.Build.0 = Debug|Any CPU
		{AECED891-FF1E-42FB-8C8E-6333670B72CF}.Release|Any CPU.ActiveCfg = Release|Any CPU
		{AECED891-FF1E-42FB-8C8E-6333670B72CF}.Release|Any CPU.Build.0 = Release|Any CPU
		{7CD3CDD0-5C80-437B-8A4C-6DD404C67BC9}.Debug|Any CPU.ActiveCfg = Debug|Any CPU
		{7CD3CDD0-5C80-437B-8A4C-6DD404C67BC9}.Debug|Any CPU.Build.0 = Debug|Any CPU
		{7CD3CDD0-5C80-437B-8A4C-6DD404C67BC9}.Release|Any CPU.ActiveCfg = Release|Any CPU
		{7CD3CDD0-5C80-437B-8A4C-6DD404C67BC9}.Release|Any CPU.Build.0 = Release|Any CPU
		{46C50E3B-381F-48A6-8640-D7DC4B15AC30}.Debug|Any CPU.ActiveCfg = Debug|Any CPU
		{46C50E3B-381F-48A6-8640-D7DC4B15AC30}.Debug|Any CPU.Build.0 = Debug|Any CPU
		{46C50E3B-381F-48A6-8640-D7DC4B15AC30}.Release|Any CPU.ActiveCfg = Release|Any CPU
		{46C50E3B-381F-48A6-8640-D7DC4B15AC30}.Release|Any CPU.Build.0 = Release|Any CPU
		{9DA5A6DD-A36F-490B-8933-1ED0E6A26ADD}.Debug|Any CPU.ActiveCfg = Debug|Any CPU
		{9DA5A6DD-A36F-490B-8933-1ED0E6A26ADD}.Debug|Any CPU.Build.0 = Debug|Any CPU
		{9DA5A6DD-A36F-490B-8933-1ED0E6A26ADD}.Release|Any CPU.ActiveCfg = Release|Any CPU
		{9DA5A6DD-A36F-490B-8933-1ED0E6A26ADD}.Release|Any CPU.Build.0 = Release|Any CPU
		{AF8631BA-8B6A-473D-8106-7DB04CDC8D14}.Debug|Any CPU.ActiveCfg = Debug|Any CPU
		{AF8631BA-8B6A-473D-8106-7DB04CDC8D14}.Debug|Any CPU.Build.0 = Debug|Any CPU
		{AF8631BA-8B6A-473D-8106-7DB04CDC8D14}.Release|Any CPU.ActiveCfg = Release|Any CPU
		{AF8631BA-8B6A-473D-8106-7DB04CDC8D14}.Release|Any CPU.Build.0 = Release|Any CPU
	EndGlobalSection
	GlobalSection(SolutionProperties) = preSolution
		HideSolutionNode = FALSE
	EndGlobalSection
	GlobalSection(NestedProjects) = preSolution
		{7910B7DE-6D6E-4B6E-9DAF-5FED2B5F5862} = {6442C83D-4466-44F4-8EA1-2D62A8414DE1}
		{9BF08C4D-D9C6-4A7F-9892-C977022A305C} = {BB4253A0-01C4-462D-B475-C6A882BA7094}
		{CD85EC44-8E9A-4CD5-B873-E32E4385182B} = {0122BC68-A0F7-4785-A855-9C186728E6F7}
		{AECED891-FF1E-42FB-8C8E-6333670B72CF} = {0122BC68-A0F7-4785-A855-9C186728E6F7}
		{7CD3CDD0-5C80-437B-8A4C-6DD404C67BC9} = {0122BC68-A0F7-4785-A855-9C186728E6F7}
		{46C50E3B-381F-48A6-8640-D7DC4B15AC30} = {0122BC68-A0F7-4785-A855-9C186728E6F7}
		{9DA5A6DD-A36F-490B-8933-1ED0E6A26ADD} = {BB4253A0-01C4-462D-B475-C6A882BA7094}
		{AF8631BA-8B6A-473D-8106-7DB04CDC8D14} = {D74127E6-E684-4693-8DC9-0B949082366A}
	EndGlobalSection
	GlobalSection(ExtensibilityGlobals) = postSolution
		SolutionGuid = {15B5799C-A76F-4BA6-B20E-5AF2DBCB6185}
	EndGlobalSection
EndGlobal
